// !$*UTF8*$!
{
	archiveVersion = 1;
	classes = {
	};
	objectVersion = 50;
	objects = {

/* Begin PBXBuildFile section */
		342BBF295473A28B87B0C20A /* Pods_ChartboostExample_Pods.framework in Frameworks */ = {isa = PBXBuildFile; fileRef = 62F672CEC8AE474CE80A0CCF /* Pods_ChartboostExample_Pods.framework */; };
		D50ADEF324B709A800452367 /* ViewController.swift in Sources */ = {isa = PBXBuildFile; fileRef = D51A147624B5DCEC00F2F6B4 /* ViewController.swift */; };
		D50ADEF424B709A800452367 /* AppDelegate.swift in Sources */ = {isa = PBXBuildFile; fileRef = D51A147224B5DCEC00F2F6B4 /* AppDelegate.swift */; };
		D50ADEF724B709A800452367 /* WebKit.framework in Frameworks */ = {isa = PBXBuildFile; fileRef = D51A148924B5DF7A00F2F6B4 /* WebKit.framework */; };
		D50ADEF824B709A800452367 /* StoreKit.framework in Frameworks */ = {isa = PBXBuildFile; fileRef = D51A148724B5DF7000F2F6B4 /* StoreKit.framework */; };
		D50ADEFA24B709A800452367 /* Main.storyboard in Resources */ = {isa = PBXBuildFile; fileRef = D51A149224B5FF0000F2F6B4 /* Main.storyboard */; };
		D50ADEFB24B709A800452367 /* LaunchScreen.storyboard in Resources */ = {isa = PBXBuildFile; fileRef = D51A147D24B5DCED00F2F6B4 /* LaunchScreen.storyboard */; };
		D50ADEFC24B709A800452367 /* Assets.xcassets in Resources */ = {isa = PBXBuildFile; fileRef = D51A147B24B5DCED00F2F6B4 /* Assets.xcassets */; };
		D51A147324B5DCEC00F2F6B4 /* AppDelegate.swift in Sources */ = {isa = PBXBuildFile; fileRef = D51A147224B5DCEC00F2F6B4 /* AppDelegate.swift */; };
		D51A147724B5DCEC00F2F6B4 /* ViewController.swift in Sources */ = {isa = PBXBuildFile; fileRef = D51A147624B5DCEC00F2F6B4 /* ViewController.swift */; };
		D51A147C24B5DCED00F2F6B4 /* Assets.xcassets in Resources */ = {isa = PBXBuildFile; fileRef = D51A147B24B5DCED00F2F6B4 /* Assets.xcassets */; };
		D51A147F24B5DCED00F2F6B4 /* LaunchScreen.storyboard in Resources */ = {isa = PBXBuildFile; fileRef = D51A147D24B5DCED00F2F6B4 /* LaunchScreen.storyboard */; };
		D51A148824B5DF7000F2F6B4 /* StoreKit.framework in Frameworks */ = {isa = PBXBuildFile; fileRef = D51A148724B5DF7000F2F6B4 /* StoreKit.framework */; };
		D51A148A24B5DF7A00F2F6B4 /* WebKit.framework in Frameworks */ = {isa = PBXBuildFile; fileRef = D51A148924B5DF7A00F2F6B4 /* WebKit.framework */; };
		D51A148C24B5DFE800F2F6B4 /* Chartboost.framework in Frameworks */ = {isa = PBXBuildFile; fileRef = D51A148B24B5DFE800F2F6B4 /* Chartboost.framework */; };
		D51A149324B5FF0000F2F6B4 /* Main.storyboard in Resources */ = {isa = PBXBuildFile; fileRef = D51A149224B5FF0000F2F6B4 /* Main.storyboard */; };
/* End PBXBuildFile section */

/* Begin PBXFileReference section */
		03F51F1336C84D5B123D2B80 /* Pods-ChartboostExample-Pods.debug.xcconfig */ = {isa = PBXFileReference; includeInIndex = 1; lastKnownFileType = text.xcconfig; name = "Pods-ChartboostExample-Pods.debug.xcconfig"; path = "Target Support Files/Pods-ChartboostExample-Pods/Pods-ChartboostExample-Pods.debug.xcconfig"; sourceTree = "<group>"; };
		3C74121A23869ECDFE056A35 /* Pods-ChartboostExample-Pods.release.xcconfig */ = {isa = PBXFileReference; includeInIndex = 1; lastKnownFileType = text.xcconfig; name = "Pods-ChartboostExample-Pods.release.xcconfig"; path = "Target Support Files/Pods-ChartboostExample-Pods/Pods-ChartboostExample-Pods.release.xcconfig"; sourceTree = "<group>"; };
		62F672CEC8AE474CE80A0CCF /* Pods_ChartboostExample_Pods.framework */ = {isa = PBXFileReference; explicitFileType = wrapper.framework; includeInIndex = 0; path = Pods_ChartboostExample_Pods.framework; sourceTree = BUILT_PRODUCTS_DIR; };
		D50ADF0024B709A800452367 /* ChartboostExample-Pods.app */ = {isa = PBXFileReference; explicitFileType = wrapper.application; includeInIndex = 0; path = "ChartboostExample-Pods.app"; sourceTree = BUILT_PRODUCTS_DIR; };
		D50ADF0124B709A800452367 /* ChartboostExample copy-Info.plist */ = {isa = PBXFileReference; lastKnownFileType = text.plist.xml; name = "ChartboostExample copy-Info.plist"; path = "/Users/ArnauMarti/Desktop/ios-sdk-example/Swift/ChartboostExample copy-Info.plist"; sourceTree = "<absolute>"; };
		D51A146F24B5DCEC00F2F6B4 /* Chartboost.app */ = {isa = PBXFileReference; explicitFileType = wrapper.application; includeInIndex = 0; path = Chartboost.app; sourceTree = BUILT_PRODUCTS_DIR; };
		D51A147224B5DCEC00F2F6B4 /* AppDelegate.swift */ = {isa = PBXFileReference; lastKnownFileType = sourcecode.swift; path = AppDelegate.swift; sourceTree = "<group>"; };
		D51A147624B5DCEC00F2F6B4 /* ViewController.swift */ = {isa = PBXFileReference; lastKnownFileType = sourcecode.swift; path = ViewController.swift; sourceTree = "<group>"; };
		D51A147B24B5DCED00F2F6B4 /* Assets.xcassets */ = {isa = PBXFileReference; lastKnownFileType = folder.assetcatalog; path = Assets.xcassets; sourceTree = "<group>"; };
		D51A147E24B5DCED00F2F6B4 /* Base */ = {isa = PBXFileReference; lastKnownFileType = file.storyboard; name = Base; path = Base.lproj/LaunchScreen.storyboard; sourceTree = "<group>"; };
		D51A148024B5DCED00F2F6B4 /* Info.plist */ = {isa = PBXFileReference; lastKnownFileType = text.plist.xml; path = Info.plist; sourceTree = "<group>"; };
		D51A148724B5DF7000F2F6B4 /* StoreKit.framework */ = {isa = PBXFileReference; lastKnownFileType = wrapper.framework; name = StoreKit.framework; path = System/Library/Frameworks/StoreKit.framework; sourceTree = SDKROOT; };
		D51A148924B5DF7A00F2F6B4 /* WebKit.framework */ = {isa = PBXFileReference; lastKnownFileType = wrapper.framework; name = WebKit.framework; path = System/Library/Frameworks/WebKit.framework; sourceTree = SDKROOT; };
		D51A148B24B5DFE800F2F6B4 /* Chartboost.framework */ = {isa = PBXFileReference; lastKnownFileType = wrapper.framework; name = Chartboost.framework; path = ../Chartboost.framework; sourceTree = "<group>"; };
		D51A148F24B5E0D000F2F6B4 /* ChartboostExample-Bridging-Header.h */ = {isa = PBXFileReference; lastKnownFileType = sourcecode.c.h; path = "ChartboostExample-Bridging-Header.h"; sourceTree = "<group>"; };
		D51A149224B5FF0000F2F6B4 /* Main.storyboard */ = {isa = PBXFileReference; lastKnownFileType = file.storyboard; path = Main.storyboard; sourceTree = "<group>"; };
		E9EF7192EA8F7BEE9969914B /* Pods_ChartboostExample.framework */ = {isa = PBXFileReference; explicitFileType = wrapper.framework; includeInIndex = 0; path = Pods_ChartboostExample.framework; sourceTree = BUILT_PRODUCTS_DIR; };
/* End PBXFileReference section */

/* Begin PBXFrameworksBuildPhase section */
		D50ADEF524B709A800452367 /* Frameworks */ = {
			isa = PBXFrameworksBuildPhase;
			buildActionMask = 2147483647;
			files = (
				D50ADEF724B709A800452367 /* WebKit.framework in Frameworks */,
				D50ADEF824B709A800452367 /* StoreKit.framework in Frameworks */,
				342BBF295473A28B87B0C20A /* Pods_ChartboostExample_Pods.framework in Frameworks */,
			);
			runOnlyForDeploymentPostprocessing = 0;
		};
		D51A146C24B5DCEC00F2F6B4 /* Frameworks */ = {
			isa = PBXFrameworksBuildPhase;
			buildActionMask = 2147483647;
			files = (
				D51A148C24B5DFE800F2F6B4 /* Chartboost.framework in Frameworks */,
				D51A148A24B5DF7A00F2F6B4 /* WebKit.framework in Frameworks */,
				D51A148824B5DF7000F2F6B4 /* StoreKit.framework in Frameworks */,
			);
			runOnlyForDeploymentPostprocessing = 0;
		};
/* End PBXFrameworksBuildPhase section */

/* Begin PBXGroup section */
		D51A146624B5DCEC00F2F6B4 = {
			isa = PBXGroup;
			children = (
				D51A147124B5DCEC00F2F6B4 /* ChartboostExample */,
				D51A147024B5DCEC00F2F6B4 /* Products */,
				D51A148624B5DF7000F2F6B4 /* Frameworks */,
				E3CF80C754565E1F5D1D10F5 /* Pods */,
				D50ADF0124B709A800452367 /* ChartboostExample copy-Info.plist */,
			);
			sourceTree = "<group>";
		};
		D51A147024B5DCEC00F2F6B4 /* Products */ = {
			isa = PBXGroup;
			children = (
				D51A146F24B5DCEC00F2F6B4 /* Chartboost.app */,
				D50ADF0024B709A800452367 /* ChartboostExample-Pods.app */,
			);
			name = Products;
			sourceTree = "<group>";
		};
		D51A147124B5DCEC00F2F6B4 /* ChartboostExample */ = {
			isa = PBXGroup;
			children = (
				D51A147224B5DCEC00F2F6B4 /* AppDelegate.swift */,
				D51A147624B5DCEC00F2F6B4 /* ViewController.swift */,
				D51A147B24B5DCED00F2F6B4 /* Assets.xcassets */,
				D51A147D24B5DCED00F2F6B4 /* LaunchScreen.storyboard */,
				D51A148024B5DCED00F2F6B4 /* Info.plist */,
				D51A148F24B5E0D000F2F6B4 /* ChartboostExample-Bridging-Header.h */,
				D51A149224B5FF0000F2F6B4 /* Main.storyboard */,
			);
			path = ChartboostExample;
			sourceTree = "<group>";
		};
		D51A148624B5DF7000F2F6B4 /* Frameworks */ = {
			isa = PBXGroup;
			children = (
				D51A148B24B5DFE800F2F6B4 /* Chartboost.framework */,
				D51A148924B5DF7A00F2F6B4 /* WebKit.framework */,
				D51A148724B5DF7000F2F6B4 /* StoreKit.framework */,
				E9EF7192EA8F7BEE9969914B /* Pods_ChartboostExample.framework */,
				62F672CEC8AE474CE80A0CCF /* Pods_ChartboostExample_Pods.framework */,
			);
			name = Frameworks;
			sourceTree = "<group>";
		};
		E3CF80C754565E1F5D1D10F5 /* Pods */ = {
			isa = PBXGroup;
			children = (
				03F51F1336C84D5B123D2B80 /* Pods-ChartboostExample-Pods.debug.xcconfig */,
				3C74121A23869ECDFE056A35 /* Pods-ChartboostExample-Pods.release.xcconfig */,
			);
			path = Pods;
			sourceTree = "<group>";
		};
/* End PBXGroup section */

/* Begin PBXNativeTarget section */
		D50ADEF024B709A800452367 /* ChartboostExample-Pods */ = {
			isa = PBXNativeTarget;
			buildConfigurationList = D50ADEFD24B709A800452367 /* Build configuration list for PBXNativeTarget "ChartboostExample-Pods" */;
			buildPhases = (
				D50ADEF124B709A800452367 /* [CP] Check Pods Manifest.lock */,
				D50ADEF224B709A800452367 /* Sources */,
				D50ADEF524B709A800452367 /* Frameworks */,
				D50ADEF924B709A800452367 /* Resources */,
			);
			buildRules = (
			);
			dependencies = (
			);
			name = "ChartboostExample-Pods";
			productName = ChartboostExample;
			productReference = D50ADF0024B709A800452367 /* ChartboostExample-Pods.app */;
			productType = "com.apple.product-type.application";
		};
		D51A146E24B5DCEC00F2F6B4 /* ChartboostExample */ = {
			isa = PBXNativeTarget;
			buildConfigurationList = D51A148324B5DCED00F2F6B4 /* Build configuration list for PBXNativeTarget "ChartboostExample" */;
			buildPhases = (
				D51A146B24B5DCEC00F2F6B4 /* Sources */,
				D51A146C24B5DCEC00F2F6B4 /* Frameworks */,
				D51A146D24B5DCEC00F2F6B4 /* Resources */,
			);
			buildRules = (
			);
			dependencies = (
			);
			name = ChartboostExample;
			productName = ChartboostExample;
			productReference = D51A146F24B5DCEC00F2F6B4 /* Chartboost.app */;
			productType = "com.apple.product-type.application";
		};
/* End PBXNativeTarget section */

/* Begin PBXProject section */
		D51A146724B5DCEC00F2F6B4 /* Project object */ = {
			isa = PBXProject;
			attributes = {
				LastSwiftUpdateCheck = 1150;
				LastUpgradeCheck = 1150;
				ORGANIZATIONNAME = Chartboost;
				TargetAttributes = {
					D51A146E24B5DCEC00F2F6B4 = {
						CreatedOnToolsVersion = 11.5;
						LastSwiftMigration = 1150;
					};
				};
			};
			buildConfigurationList = D51A146A24B5DCEC00F2F6B4 /* Build configuration list for PBXProject "ChartboostExample" */;
			compatibilityVersion = "Xcode 9.3";
			developmentRegion = en;
			hasScannedForEncodings = 0;
			knownRegions = (
				en,
				Base,
			);
			mainGroup = D51A146624B5DCEC00F2F6B4;
			productRefGroup = D51A147024B5DCEC00F2F6B4 /* Products */;
			projectDirPath = "";
			projectRoot = "";
			targets = (
				D51A146E24B5DCEC00F2F6B4 /* ChartboostExample */,
				D50ADEF024B709A800452367 /* ChartboostExample-Pods */,
			);
		};
/* End PBXProject section */

/* Begin PBXResourcesBuildPhase section */
		D50ADEF924B709A800452367 /* Resources */ = {
			isa = PBXResourcesBuildPhase;
			buildActionMask = 2147483647;
			files = (
				D50ADEFA24B709A800452367 /* Main.storyboard in Resources */,
				D50ADEFB24B709A800452367 /* LaunchScreen.storyboard in Resources */,
				D50ADEFC24B709A800452367 /* Assets.xcassets in Resources */,
			);
			runOnlyForDeploymentPostprocessing = 0;
		};
		D51A146D24B5DCEC00F2F6B4 /* Resources */ = {
			isa = PBXResourcesBuildPhase;
			buildActionMask = 2147483647;
			files = (
				D51A149324B5FF0000F2F6B4 /* Main.storyboard in Resources */,
				D51A147F24B5DCED00F2F6B4 /* LaunchScreen.storyboard in Resources */,
				D51A147C24B5DCED00F2F6B4 /* Assets.xcassets in Resources */,
			);
			runOnlyForDeploymentPostprocessing = 0;
		};
/* End PBXResourcesBuildPhase section */

/* Begin PBXShellScriptBuildPhase section */
		D50ADEF124B709A800452367 /* [CP] Check Pods Manifest.lock */ = {
			isa = PBXShellScriptBuildPhase;
			buildActionMask = 2147483647;
			files = (
			);
			inputFileListPaths = (
			);
			inputPaths = (
				"${PODS_PODFILE_DIR_PATH}/Podfile.lock",
				"${PODS_ROOT}/Manifest.lock",
			);
			name = "[CP] Check Pods Manifest.lock";
			outputFileListPaths = (
			);
			outputPaths = (
				"$(DERIVED_FILE_DIR)/Pods-ChartboostExample-Pods-checkManifestLockResult.txt",
			);
			runOnlyForDeploymentPostprocessing = 0;
			shellPath = /bin/sh;
			shellScript = "diff \"${PODS_PODFILE_DIR_PATH}/Podfile.lock\" \"${PODS_ROOT}/Manifest.lock\" > /dev/null\nif [ $? != 0 ] ; then\n    # print error to STDERR\n    echo \"error: The sandbox is not in sync with the Podfile.lock. Run 'pod install' or update your CocoaPods installation.\" >&2\n    exit 1\nfi\n# This output is used by Xcode 'outputs' to avoid re-running this script phase.\necho \"SUCCESS\" > \"${SCRIPT_OUTPUT_FILE_0}\"\n";
			showEnvVarsInLog = 0;
		};
/* End PBXShellScriptBuildPhase section */

/* Begin PBXSourcesBuildPhase section */
		D50ADEF224B709A800452367 /* Sources */ = {
			isa = PBXSourcesBuildPhase;
			buildActionMask = 2147483647;
			files = (
				D50ADEF324B709A800452367 /* ViewController.swift in Sources */,
				D50ADEF424B709A800452367 /* AppDelegate.swift in Sources */,
			);
			runOnlyForDeploymentPostprocessing = 0;
		};
		D51A146B24B5DCEC00F2F6B4 /* Sources */ = {
			isa = PBXSourcesBuildPhase;
			buildActionMask = 2147483647;
			files = (
				D51A147724B5DCEC00F2F6B4 /* ViewController.swift in Sources */,
				D51A147324B5DCEC00F2F6B4 /* AppDelegate.swift in Sources */,
			);
			runOnlyForDeploymentPostprocessing = 0;
		};
/* End PBXSourcesBuildPhase section */

/* Begin PBXVariantGroup section */
		D51A147D24B5DCED00F2F6B4 /* LaunchScreen.storyboard */ = {
			isa = PBXVariantGroup;
			children = (
				D51A147E24B5DCED00F2F6B4 /* Base */,
			);
			name = LaunchScreen.storyboard;
			sourceTree = "<group>";
		};
/* End PBXVariantGroup section */

/* Begin XCBuildConfiguration section */
		D50ADEFE24B709A800452367 /* Debug */ = {
			isa = XCBuildConfiguration;
			baseConfigurationReference = 03F51F1336C84D5B123D2B80 /* Pods-ChartboostExample-Pods.debug.xcconfig */;
			buildSettings = {
				ASSETCATALOG_COMPILER_APPICON_NAME = AppIcon;
				CLANG_ENABLE_MODULES = YES;
				CODE_SIGN_STYLE = Automatic;
				DEVELOPMENT_TEAM = 38H6Z8EN2F;
				FRAMEWORK_SEARCH_PATHS = "$(PROJECT_DIR)/..";
				INFOPLIST_FILE = "ChartboostExample copy-Info.plist";
				IPHONEOS_DEPLOYMENT_TARGET = 9.0;
				LD_RUNPATH_SEARCH_PATHS = (
					"$(inherited)",
					"@executable_path/Frameworks",
				);
				PRODUCT_BUNDLE_IDENTIFIER = com.chartboost.ChartboostExampleSwift;
				PRODUCT_NAME = "$(TARGET_NAME)";
				SWIFT_OBJC_BRIDGING_HEADER = "ChartboostExample/ChartboostExample-Bridging-Header.h";
				SWIFT_OPTIMIZATION_LEVEL = "-Onone";
				SWIFT_VERSION = 5.0;
				TARGETED_DEVICE_FAMILY = "1,2";
			};
			name = Debug;
		};
		D50ADEFF24B709A800452367 /* Release */ = {
			isa = XCBuildConfiguration;
			baseConfigurationReference = 3C74121A23869ECDFE056A35 /* Pods-ChartboostExample-Pods.release.xcconfig */;
			buildSettings = {
				ASSETCATALOG_COMPILER_APPICON_NAME = AppIcon;
				CLANG_ENABLE_MODULES = YES;
				CODE_SIGN_STYLE = Automatic;
				DEVELOPMENT_TEAM = 38H6Z8EN2F;
				FRAMEWORK_SEARCH_PATHS = "$(PROJECT_DIR)/..";
				INFOPLIST_FILE = "ChartboostExample copy-Info.plist";
				IPHONEOS_DEPLOYMENT_TARGET = 9.0;
				LD_RUNPATH_SEARCH_PATHS = (
					"$(inherited)",
					"@executable_path/Frameworks",
				);
				PRODUCT_BUNDLE_IDENTIFIER = com.chartboost.ChartboostExampleSwift;
				PRODUCT_NAME = "$(TARGET_NAME)";
				SWIFT_OBJC_BRIDGING_HEADER = "ChartboostExample/ChartboostExample-Bridging-Header.h";
				SWIFT_VERSION = 5.0;
				TARGETED_DEVICE_FAMILY = "1,2";
			};
			name = Release;
		};
		D51A148124B5DCED00F2F6B4 /* Debug */ = {
			isa = XCBuildConfiguration;
			buildSettings = {
				ALWAYS_SEARCH_USER_PATHS = NO;
				CLANG_ANALYZER_NONNULL = YES;
				CLANG_ANALYZER_NUMBER_OBJECT_CONVERSION = YES_AGGRESSIVE;
				CLANG_CXX_LANGUAGE_STANDARD = "gnu++14";
				CLANG_CXX_LIBRARY = "libc++";
				CLANG_ENABLE_MODULES = YES;
				CLANG_ENABLE_OBJC_ARC = YES;
				CLANG_ENABLE_OBJC_WEAK = YES;
				CLANG_WARN_BLOCK_CAPTURE_AUTORELEASING = YES;
				CLANG_WARN_BOOL_CONVERSION = YES;
				CLANG_WARN_COMMA = YES;
				CLANG_WARN_CONSTANT_CONVERSION = YES;
				CLANG_WARN_DEPRECATED_OBJC_IMPLEMENTATIONS = YES;
				CLANG_WARN_DIRECT_OBJC_ISA_USAGE = YES_ERROR;
				CLANG_WARN_DOCUMENTATION_COMMENTS = YES;
				CLANG_WARN_EMPTY_BODY = YES;
				CLANG_WARN_ENUM_CONVERSION = YES;
				CLANG_WARN_INFINITE_RECURSION = YES;
				CLANG_WARN_INT_CONVERSION = YES;
				CLANG_WARN_NON_LITERAL_NULL_CONVERSION = YES;
				CLANG_WARN_OBJC_IMPLICIT_RETAIN_SELF = YES;
				CLANG_WARN_OBJC_LITERAL_CONVERSION = YES;
				CLANG_WARN_OBJC_ROOT_CLASS = YES_ERROR;
				CLANG_WARN_RANGE_LOOP_ANALYSIS = YES;
				CLANG_WARN_STRICT_PROTOTYPES = YES;
				CLANG_WARN_SUSPICIOUS_MOVE = YES;
				CLANG_WARN_UNGUARDED_AVAILABILITY = YES_AGGRESSIVE;
				CLANG_WARN_UNREACHABLE_CODE = YES;
				CLANG_WARN__DUPLICATE_METHOD_MATCH = YES;
				COPY_PHASE_STRIP = NO;
				DEBUG_INFORMATION_FORMAT = dwarf;
				ENABLE_STRICT_OBJC_MSGSEND = YES;
				ENABLE_TESTABILITY = YES;
				GCC_C_LANGUAGE_STANDARD = gnu11;
				GCC_DYNAMIC_NO_PIC = NO;
				GCC_NO_COMMON_BLOCKS = YES;
				GCC_OPTIMIZATION_LEVEL = 0;
				GCC_PREPROCESSOR_DEFINITIONS = (
					"DEBUG=1",
					"$(inherited)",
				);
				GCC_WARN_64_TO_32_BIT_CONVERSION = YES;
				GCC_WARN_ABOUT_RETURN_TYPE = YES_ERROR;
				GCC_WARN_UNDECLARED_SELECTOR = YES;
				GCC_WARN_UNINITIALIZED_AUTOS = YES_AGGRESSIVE;
				GCC_WARN_UNUSED_FUNCTION = YES;
				GCC_WARN_UNUSED_VARIABLE = YES;
				IPHONEOS_DEPLOYMENT_TARGET = 13.5;
				MTL_ENABLE_DEBUG_INFO = INCLUDE_SOURCE;
				MTL_FAST_MATH = YES;
				ONLY_ACTIVE_ARCH = YES;
				SDKROOT = iphoneos;
				SWIFT_ACTIVE_COMPILATION_CONDITIONS = DEBUG;
				SWIFT_OPTIMIZATION_LEVEL = "-Onone";
			};
			name = Debug;
		};
		D51A148224B5DCED00F2F6B4 /* Release */ = {
			isa = XCBuildConfiguration;
			buildSettings = {
				ALWAYS_SEARCH_USER_PATHS = NO;
				CLANG_ANALYZER_NONNULL = YES;
				CLANG_ANALYZER_NUMBER_OBJECT_CONVERSION = YES_AGGRESSIVE;
				CLANG_CXX_LANGUAGE_STANDARD = "gnu++14";
				CLANG_CXX_LIBRARY = "libc++";
				CLANG_ENABLE_MODULES = YES;
				CLANG_ENABLE_OBJC_ARC = YES;
				CLANG_ENABLE_OBJC_WEAK = YES;
				CLANG_WARN_BLOCK_CAPTURE_AUTORELEASING = YES;
				CLANG_WARN_BOOL_CONVERSION = YES;
				CLANG_WARN_COMMA = YES;
				CLANG_WARN_CONSTANT_CONVERSION = YES;
				CLANG_WARN_DEPRECATED_OBJC_IMPLEMENTATIONS = YES;
				CLANG_WARN_DIRECT_OBJC_ISA_USAGE = YES_ERROR;
				CLANG_WARN_DOCUMENTATION_COMMENTS = YES;
				CLANG_WARN_EMPTY_BODY = YES;
				CLANG_WARN_ENUM_CONVERSION = YES;
				CLANG_WARN_INFINITE_RECURSION = YES;
				CLANG_WARN_INT_CONVERSION = YES;
				CLANG_WARN_NON_LITERAL_NULL_CONVERSION = YES;
				CLANG_WARN_OBJC_IMPLICIT_RETAIN_SELF = YES;
				CLANG_WARN_OBJC_LITERAL_CONVERSION = YES;
				CLANG_WARN_OBJC_ROOT_CLASS = YES_ERROR;
				CLANG_WARN_RANGE_LOOP_ANALYSIS = YES;
				CLANG_WARN_STRICT_PROTOTYPES = YES;
				CLANG_WARN_SUSPICIOUS_MOVE = YES;
				CLANG_WARN_UNGUARDED_AVAILABILITY = YES_AGGRESSIVE;
				CLANG_WARN_UNREACHABLE_CODE = YES;
				CLANG_WARN__DUPLICATE_METHOD_MATCH = YES;
				COPY_PHASE_STRIP = NO;
				DEBUG_INFORMATION_FORMAT = "dwarf-with-dsym";
				ENABLE_NS_ASSERTIONS = NO;
				ENABLE_STRICT_OBJC_MSGSEND = YES;
				GCC_C_LANGUAGE_STANDARD = gnu11;
				GCC_NO_COMMON_BLOCKS = YES;
				GCC_WARN_64_TO_32_BIT_CONVERSION = YES;
				GCC_WARN_ABOUT_RETURN_TYPE = YES_ERROR;
				GCC_WARN_UNDECLARED_SELECTOR = YES;
				GCC_WARN_UNINITIALIZED_AUTOS = YES_AGGRESSIVE;
				GCC_WARN_UNUSED_FUNCTION = YES;
				GCC_WARN_UNUSED_VARIABLE = YES;
				IPHONEOS_DEPLOYMENT_TARGET = 13.5;
				MTL_ENABLE_DEBUG_INFO = NO;
				MTL_FAST_MATH = YES;
				SDKROOT = iphoneos;
				SWIFT_COMPILATION_MODE = wholemodule;
				SWIFT_OPTIMIZATION_LEVEL = "-O";
				VALIDATE_PRODUCT = YES;
			};
			name = Release;
		};
		D51A148424B5DCED00F2F6B4 /* Debug */ = {
			isa = XCBuildConfiguration;
			buildSettings = {
				ASSETCATALOG_COMPILER_APPICON_NAME = AppIcon;
				CLANG_ENABLE_MODULES = YES;
				CODE_SIGN_STYLE = Automatic;
				DEVELOPMENT_TEAM = 38H6Z8EN2F;
				FRAMEWORK_SEARCH_PATHS = "$(PROJECT_DIR)/..";
				INFOPLIST_FILE = ChartboostExample/Info.plist;
				IPHONEOS_DEPLOYMENT_TARGET = 9.0;
				LD_RUNPATH_SEARCH_PATHS = (
					"$(inherited)",
					"@executable_path/Frameworks",
				);
				PRODUCT_BUNDLE_IDENTIFIER = com.chartboost.ChartboostExampleSwift;
				PRODUCT_NAME = Chartboost;
				SWIFT_OBJC_BRIDGING_HEADER = "ChartboostExample/ChartboostExample-Bridging-Header.h";
				SWIFT_OPTIMIZATION_LEVEL = "-Onone";
				SWIFT_VERSION = 5.0;
				TARGETED_DEVICE_FAMILY = "1,2";
			};
			name = Debug;
		};
		D51A148524B5DCED00F2F6B4 /* Release */ = {
			isa = XCBuildConfiguration;
			buildSettings = {
				ASSETCATALOG_COMPILER_APPICON_NAME = AppIcon;
				CLANG_ENABLE_MODULES = YES;
				CODE_SIGN_STYLE = Automatic;
				DEVELOPMENT_TEAM = 38H6Z8EN2F;
				FRAMEWORK_SEARCH_PATHS = "$(PROJECT_DIR)/..";
				INFOPLIST_FILE = ChartboostExample/Info.plist;
				IPHONEOS_DEPLOYMENT_TARGET = 9.0;
				LD_RUNPATH_SEARCH_PATHS = (
					"$(inherited)",
					"@executable_path/Frameworks",
				);
				PRODUCT_BUNDLE_IDENTIFIER = com.chartboost.ChartboostExampleSwift;
				PRODUCT_NAME = Chartboost;
				SWIFT_OBJC_BRIDGING_HEADER = "ChartboostExample/ChartboostExample-Bridging-Header.h";
				SWIFT_VERSION = 5.0;
				TARGETED_DEVICE_FAMILY = "1,2";
			};
			name = Release;
		};
/* End XCBuildConfiguration section */

/* Begin XCConfigurationList section */
		D50ADEFD24B709A800452367 /* Build configuration list for PBXNativeTarget "ChartboostExample-Pods" */ = {
			isa = XCConfigurationList;
			buildConfigurations = (
				D50ADEFE24B709A800452367 /* Debug */,
				D50ADEFF24B709A800452367 /* Release */,
			);
			defaultConfigurationIsVisible = 0;
			defaultConfigurationName = Release;
		};
		D51A146A24B5DCEC00F2F6B4 /* Build configuration list for PBXProject "ChartboostExample" */ = {
			isa = XCConfigurationList;
			buildConfigurations = (
				D51A148124B5DCED00F2F6B4 /* Debug */,
				D51A148224B5DCED00F2F6B4 /* Release */,
			);
			defaultConfigurationIsVisible = 0;
			defaultConfigurationName = Release;
		};
		D51A148324B5DCED00F2F6B4 /* Build configuration list for PBXNativeTarget "ChartboostExample" */ = {
			isa = XCConfigurationList;
			buildConfigurations = (
				D51A148424B5DCED00F2F6B4 /* Debug */,
				D51A148524B5DCED00F2F6B4 /* Release */,
			);
			defaultConfigurationIsVisible = 0;
			defaultConfigurationName = Release;
		};
/* End XCConfigurationList section */
	};
	rootObject = D51A146724B5DCEC00F2F6B4 /* Project object */;
}
